# THIS IS AN AUTOGENERATED FILE. DO NOT EDIT THIS FILE DIRECTLY.
# yarn lockfile v1


uWebSockets.js@uNetworking/uWebSockets.js#v20.30.0:
  version "20.30.0"
  resolved "https://codeload.github.com/uNetworking/uWebSockets.js/tar.gz/d39d4181daf5b670d44cbc1b18f8c28c85fd4142"

uWebSockets@uNetworking/uWebSockets:
  version "0.0.0"
  resolved "https://codeload.github.com/uNetworking/uWebSockets/tar.gz/fc2b7be765983fbce8a3839bc3ff16b51c81b44b"
